
Microsoft Visual Studio Solution File, Format Version 12.00
# Visual Studio Version 17
VisualStudioVersion = 17.1.32127.271
MinimumVisualStudioVersion = 10.0.40219.1
Project("{9092AA53-FB77-4645-B42D-1CCCA6BD08BD}") = "RestaurantGFT-UI", "RestaurantGFT-UI\RestaurantGFT-UI.njsproj", "{B8BC1B3E-1B12-436D-892C-1F30253A6CC0}"
EndProject
Global
	GlobalSection(SolutionConfigurationPlatforms) = preSolution
		Debug|Any CPU = Debug|Any CPU
		Release|Any CPU = Release|Any CPU
	EndGlobalSection
	GlobalSection(ProjectConfigurationPlatforms) = postSolution
		{B8BC1B3E-1B12-436D-892C-1F30253A6CC0}.Debug|Any CPU.ActiveCfg = Debug|Any CPU
		{B8BC1B3E-1B12-436D-892C-1F30253A6CC0}.Debug|Any CPU.Build.0 = Debug|Any CPU
		{B8BC1B3E-1B12-436D-892C-1F30253A6CC0}.Release|Any CPU.ActiveCfg = Release|Any CPU
		{B8BC1B3E-1B12-436D-892C-1F30253A6CC0}.Release|Any CPU.Build.0 = Release|Any CPU
	EndGlobalSection
	GlobalSection(SolutionProperties) = preSolution
		HideSolutionNode = FALSE
	EndGlobalSection
	GlobalSection(ExtensibilityGlobals) = postSolution
		SolutionGuid = {E2CB96AB-902A-4AA8-9B9D-EB3DE2C8C17C}
	EndGlobalSection
EndGlobal
